
Microsoft Visual Studio Solution File, Format Version 12.00
# Visual Studio 15
Project("{FAE04EC0-301F-11D3-BF4B-00C04F79EFBC}") = "Assembly-CSharp", "Assembly-CSharp.csproj", "{FB86ECA5-2BC2-6DAB-E171-E3F667EECB23}"
EndProject
Project("{FAE04EC0-301F-11D3-BF4B-00C04F79EFBC}") = "Assembly-CSharp-Editor", "Assembly-CSharp-Editor.csproj", "{BC182D67-86F3-FECB-86F3-E1EE1192FF51}"
EndProject
Global
	GlobalSection(SolutionConfigurationPlatforms) = preSolution
		Debug|Any CPU = Debug|Any CPU
		Release|Any CPU = Release|Any CPU
	EndGlobalSection
	GlobalSection(ProjectConfigurationPlatforms) = postSolution
		{FB86ECA5-2BC2-6DAB-E171-E3F667EECB23}.Debug|Any CPU.ActiveCfg = Debug|Any CPU
		{FB86ECA5-2BC2-6DAB-E171-E3F667EECB23}.Debug|Any CPU.Build.0 = Debug|Any CPU
		{FB86ECA5-2BC2-6DAB-E171-E3F667EECB23}.Release|Any CPU.ActiveCfg = Release|Any CPU
		{FB86ECA5-2BC2-6DAB-E171-E3F667EECB23}.Release|Any CPU.Build.0 = Release|Any CPU
		{BC182D67-86F3-FECB-86F3-E1EE1192FF51}.Debug|Any CPU.ActiveCfg = Debug|Any CPU
		{BC182D67-86F3-FECB-86F3-E1EE1192FF51}.Debug|Any CPU.Build.0 = Debug|Any CPU
		{BC182D67-86F3-FECB-86F3-E1EE1192FF51}.Release|Any CPU.ActiveCfg = Release|Any CPU
		{BC182D67-86F3-FECB-86F3-E1EE1192FF51}.Release|Any CPU.Build.0 = Release|Any CPU
	EndGlobalSection
	GlobalSection(SolutionProperties) = preSolution
		HideSolutionNode = FALSE
	EndGlobalSection
EndGlobal
